<?xml version="1.0" encoding="utf-8"?>
<Project ToolsVersion="4.0" xmlns="http://schemas.microsoft.com/developer/msbuild/2003">
  <ItemGroup>
    <ClCompile Include="BoxRendererComponent.cpp" />
    <ClCompile Include="AStarGrid.cpp" />
    <ClCompile Include="AStarNode.cpp" />
    <ClCompile Include="AStarPathfinder.cpp" />
    <ClCompile Include="Camera.cpp" />
    <ClCompile Include="CooldownTimer.cpp" />
    <ClCompile Include="FiniteStateMachine.cpp" />
    <ClCompile Include="ForestMapGenerator.cpp" />
    <ClCompile Include="Game.cpp" />
    <ClCompile Include="GameObject.cpp" />
    <ClCompile Include="GameObjectComponent.cpp" />
    <ClCompile Include="GameplayScreen.cpp" />
    <ClCompile Include="HealthComponent.cpp" />
    <ClCompile Include="Hud.cpp" />
    <ClCompile Include="InputMovementComponent.cpp" />
    <ClCompile Include="InssiMath.cpp" />
    <ClCompile Include="InventoryComponent.cpp" />
    <ClCompile Include="Item.cpp" />
    <ClCompile Include="JamGame.cpp" />
    <ClCompile Include="Main.cpp" />
    <ClCompile Include="Map.cpp" />
    <ClCompile Include="ModelRegister.cpp" />
    <ClCompile Include="Random.cpp" />
    <ClCompile Include="FollowState.cpp" />
    <ClCompile Include="MouseMovementComponent.cpp" />
    <ClCompile Include="soundManager.cpp" />
    <ClCompile Include="MonsterGenerator.cpp" />
    <ClCompile Include="Tile.cpp" />
    <ClCompile Include="TileModel.cpp" />
    <ClCompile Include="World.cpp" />
    <ClCompile Include="StateManager.cpp" />
    <ClCompile Include="PlayerComponents.cpp" />
  </ItemGroup>
  <ItemGroup>
    <ClInclude Include="Camera.h" />
    <ClInclude Include="CooldownTimer.h" />
    <ClInclude Include="FiniteStateMachine.h" />
    <ClInclude Include="HealthComponent.h" />
    <ClInclude Include="Hud.h" />
    <ClInclude Include="InssiMath.h" />
    <ClInclude Include="ForestMapGenerator.h" />
    <ClInclude Include="InputMovementComponent.h" />
    <ClInclude Include="InventoryComponent.h" />
    <ClInclude Include="Item.h" />
    <ClInclude Include="Map.h" />
    <ClInclude Include="ModelRegister.h" />
    <ClInclude Include="Random.h" />
    <ClInclude Include="GameState.hpp" />
    <ClInclude Include="MonsterGenerator.h" />
    <ClInclude Include="MouseMovementComponent.h" />
    <ClInclude Include="soundManager.h" />
    <ClInclude Include="StateManager.hpp" />
    <ClInclude Include="BoxRendererComponent.h" />
    <ClInclude Include="Game.h" />
    <ClInclude Include="GameObject.h" />
    <ClInclude Include="GameObjectComponent.h" />
    <ClInclude Include="GameplayScreen.h" />
    <ClInclude Include="JamGame.h" />
    <ClInclude Include="Tile.h" />
    <ClInclude Include="TileModel.h" />
    <ClInclude Include="World.h" />
    <ClInclude Include="AStarGrid.h" />
    <ClInclude Include="AStarNode.h" />
    <ClInclude Include="AStarPathfinder.h" />
    <ClInclude Include="JaggedVector.h" />
    <ClInclude Include="PlayerComponents.h" />
  </ItemGroup>
</Project>